
Microsoft Visual Studio Solution File, Format Version 12.00
# Visual Studio Version 16
VisualStudioVersion = 16.0.30711.63
MinimumVisualStudioVersion = 10.0.40219.1
Project("{FAE04EC0-301F-11D3-BF4B-00C04F79EFBC}") = "banhkem", "banhkem\banhkem.csproj", "{026D42C4-AED4-47CF-A64B-615C1DDCFD48}"
EndProject
Global
	GlobalSection(SolutionConfigurationPlatforms) = preSolution
		Debug|Any CPU = Debug|Any CPU
		Release|Any CPU = Release|Any CPU
	EndGlobalSection
	GlobalSection(ProjectConfigurationPlatforms) = postSolution
		{026D42C4-AED4-47CF-A64B-615C1DDCFD48}.Debug|Any CPU.ActiveCfg = Debug|Any CPU
		{026D42C4-AED4-47CF-A64B-615C1DDCFD48}.Debug|Any CPU.Build.0 = Debug|Any CPU
		{026D42C4-AED4-47CF-A64B-615C1DDCFD48}.Release|Any CPU.ActiveCfg = Release|Any CPU
		{026D42C4-AED4-47CF-A64B-615C1DDCFD48}.Release|Any CPU.Build.0 = Release|Any CPU
	EndGlobalSection
	GlobalSection(SolutionProperties) = preSolution
		HideSolutionNode = FALSE
	EndGlobalSection
	GlobalSection(ExtensibilityGlobals) = postSolution
		SolutionGuid = {4AB8DBD3-C37B-48AB-8542-A957B490590D}
	EndGlobalSection
EndGlobal
